
Microsoft Visual Studio Solution File, Format Version 12.00
# Visual Studio Version 17
VisualStudioVersion = 17.14.36511.14
MinimumVisualStudioVersion = 10.0.40219.1
Project("{8BC9CEB8-8B4A-11D0-8D11-00A0C91BC942}") = "00-01", "00-01\00-01.vcxproj", "{EC335175-D572-481E-A870-E40324D44734}"
EndProject
Project("{8BC9CEB8-8B4A-11D0-8D11-00A0C91BC942}") = "01-01", "01-01\01-01.vcxproj", "{7695010C-C6D3-4E88-8395-4EC9FCEAAAEE}"
EndProject
Project("{8BC9CEB8-8B4A-11D0-8D11-00A0C91BC942}") = "01-02", "01-02\01-02.vcxproj", "{495E60E1-1647-43F2-A374-2483D80B61D8}"
EndProject
Project("{8BC9CEB8-8B4A-11D0-8D11-00A0C91BC942}") = "02-01", "02-01\02-01.vcxproj", "{D71CF001-6FD7-45BF-89C2-5B66168A9597}"
EndProject
Project("{8BC9CEB8-8B4A-11D0-8D11-00A0C91BC942}") = "02-02", "02-02\02-02.vcxproj", "{F74EE8D0-7210-4DD3-9183-7B84E266DE23}"
EndProject
Project("{8BC9CEB8-8B4A-11D0-8D11-00A0C91BC942}") = "02-03", "02-03\02-03.vcxproj", "{370E7C4D-E314-4612-B6F4-450A1DF22C93}"
EndProject
Project("{8BC9CEB8-8B4A-11D0-8D11-00A0C91BC942}") = "02-04", "02-04\02-04.vcxproj", "{7689C72F-C718-406D-B803-6076960DBD4C}"
EndProject
Project("{8BC9CEB8-8B4A-11D0-8D11-00A0C91BC942}") = "03-01", "03-01\03-01.vcxproj", "{534A46CB-EAA3-48B5-BE01-2F95622369D3}"
EndProject
Project("{8BC9CEB8-8B4A-11D0-8D11-00A0C91BC942}") = "03-02", "03-02\03-02.vcxproj", "{0B806C0D-41F6-4F4C-8566-88983E064E51}"
EndProject
Project("{8BC9CEB8-8B4A-11D0-8D11-00A0C91BC942}") = "03-03", "03-03\03-03.vcxproj", "{2B965BD7-6A75-44DE-A777-04499517955C}"
EndProject
Project("{8BC9CEB8-8B4A-11D0-8D11-00A0C91BC942}") = "03-04", "03-04\03-04.vcxproj", "{1F4D027D-A471-4088-869F-73DB1E7B35FA}"
EndProject
Project("{8BC9CEB8-8B4A-11D0-8D11-00A0C91BC942}") = "04-01", "04-01\04-01.vcxproj", "{D8E294EF-E242-4067-9F9C-8672A60798CE}"
EndProject
Project("{8BC9CEB8-8B4A-11D0-8D11-00A0C91BC942}") = "05-02", "05_02\05_02.vcxproj", "{97835B06-B55E-40C8-BFA2-205A3DDB404E}"
EndProject
Project("{8BC9CEB8-8B4A-11D0-8D11-00A0C91BC942}") = "05-01", "05-01\05-01.vcxproj", "{0E3431E6-C818-44AF-B7F1-DE54CE1B6A3B}"
EndProject
Project("{8BC9CEB8-8B4A-11D0-8D11-00A0C91BC942}") = "06-01", "06-01\06-01.vcxproj", "{622C3A6B-CC21-4F23-87FB-06875AFB064E}"
EndProject
Project("{8BC9CEB8-8B4A-11D0-8D11-00A0C91BC942}") = "06-02", "06-02\06-02.vcxproj", "{46712A7D-53E7-4C64-963A-0B900D24C1CE}"
EndProject
Global
	GlobalSection(SolutionConfigurationPlatforms) = preSolution
		Debug|x64 = Debug|x64
		Debug|x86 = Debug|x86
		Release|x64 = Release|x64
		Release|x86 = Release|x86
	EndGlobalSection
	GlobalSection(ProjectConfigurationPlatforms) = postSolution
		{EC335175-D572-481E-A870-E40324D44734}.Debug|x64.ActiveCfg = Debug|x64
		{EC335175-D572-481E-A870-E40324D44734}.Debug|x64.Build.0 = Debug|x64
		{EC335175-D572-481E-A870-E40324D44734}.Debug|x86.ActiveCfg = Debug|Win32
		{EC335175-D572-481E-A870-E40324D44734}.Debug|x86.Build.0 = Debug|Win32
		{EC335175-D572-481E-A870-E40324D44734}.Release|x64.ActiveCfg = Release|x64
		{EC335175-D572-481E-A870-E40324D44734}.Release|x64.Build.0 = Release|x64
		{EC335175-D572-481E-A870-E40324D44734}.Release|x86.ActiveCfg = Release|Win32
		{EC335175-D572-481E-A870-E40324D44734}.Release|x86.Build.0 = Release|Win32
		{7695010C-C6D3-4E88-8395-4EC9FCEAAAEE}.Debug|x64.ActiveCfg = Debug|x64
		{7695010C-C6D3-4E88-8395-4EC9FCEAAAEE}.Debug|x64.Build.0 = Debug|x64
		{7695010C-C6D3-4E88-8395-4EC9FCEAAAEE}.Debug|x86.ActiveCfg = Debug|Win32
		{7695010C-C6D3-4E88-8395-4EC9FCEAAAEE}.Debug|x86.Build.0 = Debug|Win32
		{7695010C-C6D3-4E88-8395-4EC9FCEAAAEE}.Release|x64.ActiveCfg = Release|x64
		{7695010C-C6D3-4E88-8395-4EC9FCEAAAEE}.Release|x64.Build.0 = Release|x64
		{7695010C-C6D3-4E88-8395-4EC9FCEAAAEE}.Release|x86.ActiveCfg = Release|Win32
		{7695010C-C6D3-4E88-8395-4EC9FCEAAAEE}.Release|x86.Build.0 = Release|Win32
		{495E60E1-1647-43F2-A374-2483D80B61D8}.Debug|x64.ActiveCfg = Debug|x64
		{495E60E1-1647-43F2-A374-2483D80B61D8}.Debug|x64.Build.0 = Debug|x64
		{495E60E1-1647-43F2-A374-2483D80B61D8}.Debug|x86.ActiveCfg = Debug|Win32
		{495E60E1-1647-43F2-A374-2483D80B61D8}.Debug|x86.Build.0 = Debug|Win32
		{495E60E1-1647-43F2-A374-2483D80B61D8}.Release|x64.ActiveCfg = Release|x64
		{495E60E1-1647-43F2-A374-2483D80B61D8}.Release|x64.Build.0 = Release|x64
		{495E60E1-1647-43F2-A374-2483D80B61D8}.Release|x86.ActiveCfg = Release|Win32
		{495E60E1-1647-43F2-A374-2483D80B61D8}.Release|x86.Build.0 = Release|Win32
		{D71CF001-6FD7-45BF-89C2-5B66168A9597}.Debug|x64.ActiveCfg = Debug|x64
		{D71CF001-6FD7-45BF-89C2-5B66168A9597}.Debug|x64.Build.0 = Debug|x64
		{D71CF001-6FD7-45BF-89C2-5B66168A9597}.Debug|x86.ActiveCfg = Debug|Win32
		{D71CF001-6FD7-45BF-89C2-5B66168A9597}.Debug|x86.Build.0 = Debug|Win32
		{D71CF001-6FD7-45BF-89C2-5B66168A9597}.Release|x64.ActiveCfg = Release|x64
		{D71CF001-6FD7-45BF-89C2-5B66168A9597}.Release|x64.Build.0 = Release|x64
		{D71CF001-6FD7-45BF-89C2-5B66168A9597}.Release|x86.ActiveCfg = Release|Win32
		{D71CF001-6FD7-45BF-89C2-5B66168A9597}.Release|x86.Build.0 = Release|Win32
		{F74EE8D0-7210-4DD3-9183-7B84E266DE23}.Debug|x64.ActiveCfg = Debug|x64
		{F74EE8D0-7210-4DD3-9183-7B84E266DE23}.Debug|x64.Build.0 = Debug|x64
		{F74EE8D0-7210-4DD3-9183-7B84E266DE23}.Debug|x86.ActiveCfg = Debug|Win32
		{F74EE8D0-7210-4DD3-9183-7B84E266DE23}.Debug|x86.Build.0 = Debug|Win32
		{F74EE8D0-7210-4DD3-9183-7B84E266DE23}.Release|x64.ActiveCfg = Release|x64
		{F74EE8D0-7210-4DD3-9183-7B84E266DE23}.Release|x64.Build.0 = Release|x64
		{F74EE8D0-7210-4DD3-9183-7B84E266DE23}.Release|x86.ActiveCfg = Release|Win32
		{F74EE8D0-7210-4DD3-9183-7B84E266DE23}.Release|x86.Build.0 = Release|Win32
		{370E7C4D-E314-4612-B6F4-450A1DF22C93}.Debug|x64.ActiveCfg = Debug|x64
		{370E7C4D-E314-4612-B6F4-450A1DF22C93}.Debug|x64.Build.0 = Debug|x64
		{370E7C4D-E314-4612-B6F4-450A1DF22C93}.Debug|x86.ActiveCfg = Debug|Win32
		{370E7C4D-E314-4612-B6F4-450A1DF22C93}.Debug|x86.Build.0 = Debug|Win32
		{370E7C4D-E314-4612-B6F4-450A1DF22C93}.Release|x64.ActiveCfg = Release|x64
		{370E7C4D-E314-4612-B6F4-450A1DF22C93}.Release|x64.Build.0 = Release|x64
		{370E7C4D-E314-4612-B6F4-450A1DF22C93}.Release|x86.ActiveCfg = Release|Win32
		{370E7C4D-E314-4612-B6F4-450A1DF22C93}.Release|x86.Build.0 = Release|Win32
		{7689C72F-C718-406D-B803-6076960DBD4C}.Debug|x64.ActiveCfg = Debug|x64
		{7689C72F-C718-406D-B803-6076960DBD4C}.Debug|x64.Build.0 = Debug|x64
		{7689C72F-C718-406D-B803-6076960DBD4C}.Debug|x86.ActiveCfg = Debug|Win32
		{7689C72F-C718-406D-B803-6076960DBD4C}.Debug|x86.Build.0 = Debug|Win32
		{7689C72F-C718-406D-B803-6076960DBD4C}.Release|x64.ActiveCfg = Release|x64
		{7689C72F-C718-406D-B803-6076960DBD4C}.Release|x64.Build.0 = Release|x64
		{7689C72F-C718-406D-B803-6076960DBD4C}.Release|x86.ActiveCfg = Release|Win32
		{7689C72F-C718-406D-B803-6076960DBD4C}.Release|x86.Build.0 = Release|Win32
		{534A46CB-EAA3-48B5-BE01-2F95622369D3}.Debug|x64.ActiveCfg = Debug|x64
		{534A46CB-EAA3-48B5-BE01-2F95622369D3}.Debug|x64.Build.0 = Debug|x64
		{534A46CB-EAA3-48B5-BE01-2F95622369D3}.Debug|x86.ActiveCfg = Debug|Win32
		{534A46CB-EAA3-48B5-BE01-2F95622369D3}.Debug|x86.Build.0 = Debug|Win32
		{534A46CB-EAA3-48B5-BE01-2F95622369D3}.Release|x64.ActiveCfg = Release|x64
		{534A46CB-EAA3-48B5-BE01-2F95622369D3}.Release|x64.Build.0 = Release|x64
		{534A46CB-EAA3-48B5-BE01-2F95622369D3}.Release|x86.ActiveCfg = Release|Win32
		{534A46CB-EAA3-48B5-BE01-2F95622369D3}.Release|x86.Build.0 = Release|Win32
		{0B806C0D-41F6-4F4C-8566-88983E064E51}.Debug|x64.ActiveCfg = Debug|x64
		{0B806C0D-41F6-4F4C-8566-88983E064E51}.Debug|x64.Build.0 = Debug|x64
		{0B806C0D-41F6-4F4C-8566-88983E064E51}.Debug|x86.ActiveCfg = Debug|Win32
		{0B806C0D-41F6-4F4C-8566-88983E064E51}.Debug|x86.Build.0 = Debug|Win32
		{0B806C0D-41F6-4F4C-8566-88983E064E51}.Release|x64.ActiveCfg = Release|x64
		{0B806C0D-41F6-4F4C-8566-88983E064E51}.Release|x64.Build.0 = Release|x64
		{0B806C0D-41F6-4F4C-8566-88983E064E51}.Release|x86.ActiveCfg = Release|Win32
		{0B806C0D-41F6-4F4C-8566-88983E064E51}.Release|x86.Build.0 = Release|Win32
		{2B965BD7-6A75-44DE-A777-04499517955C}.Debug|x64.ActiveCfg = Debug|x64
		{2B965BD7-6A75-44DE-A777-04499517955C}.Debug|x64.Build.0 = Debug|x64
		{2B965BD7-6A75-44DE-A777-04499517955C}.Debug|x86.ActiveCfg = Debug|Win32
		{2B965BD7-6A75-44DE-A777-04499517955C}.Debug|x86.Build.0 = Debug|Win32
		{2B965BD7-6A75-44DE-A777-04499517955C}.Release|x64.ActiveCfg = Release|x64
		{2B965BD7-6A75-44DE-A777-04499517955C}.Release|x64.Build.0 = Release|x64
		{2B965BD7-6A75-44DE-A777-04499517955C}.Release|x86.ActiveCfg = Release|Win32
		{2B965BD7-6A75-44DE-A777-04499517955C}.Release|x86.Build.0 = Release|Win32
		{1F4D027D-A471-4088-869F-73DB1E7B35FA}.Debug|x64.ActiveCfg = Debug|x64
		{1F4D027D-A471-4088-869F-73DB1E7B35FA}.Debug|x64.Build.0 = Debug|x64
		{1F4D027D-A471-4088-869F-73DB1E7B35FA}.Debug|x86.ActiveCfg = Debug|Win32
		{1F4D027D-A471-4088-869F-73DB1E7B35FA}.Debug|x86.Build.0 = Debug|Win32
		{1F4D027D-A471-4088-869F-73DB1E7B35FA}.Release|x64.ActiveCfg = Release|x64
		{1F4D027D-A471-4088-869F-73DB1E7B35FA}.Release|x64.Build.0 = Release|x64
		{1F4D027D-A471-4088-869F-73DB1E7B35FA}.Release|x86.ActiveCfg = Release|Win32
		{1F4D027D-A471-4088-869F-73DB1E7B35FA}.Release|x86.Build.0 = Release|Win32
		{D8E294EF-E242-4067-9F9C-8672A60798CE}.Debug|x64.ActiveCfg = Debug|x64
		{D8E294EF-E242-4067-9F9C-8672A60798CE}.Debug|x64.Build.0 = Debug|x64
		{D8E294EF-E242-4067-9F9C-8672A60798CE}.Debug|x86.ActiveCfg = Debug|x64
		{D8E294EF-E242-4067-9F9C-8672A60798CE}.Debug|x86.Build.0 = Debug|x64
		{D8E294EF-E242-4067-9F9C-8672A60798CE}.Release|x64.ActiveCfg = Release|x64
		{D8E294EF-E242-4067-9F9C-8672A60798CE}.Release|x64.Build.0 = Release|x64
		{D8E294EF-E242-4067-9F9C-8672A60798CE}.Release|x86.ActiveCfg = Release|x64
		{D8E294EF-E242-4067-9F9C-8672A60798CE}.Release|x86.Build.0 = Release|x64
		{97835B06-B55E-40C8-BFA2-205A3DDB404E}.Debug|x64.ActiveCfg = Debug|x64
		{97835B06-B55E-40C8-BFA2-205A3DDB404E}.Debug|x64.Build.0 = Debug|x64
		{97835B06-B55E-40C8-BFA2-205A3DDB404E}.Debug|x86.ActiveCfg = Debug|x64
		{97835B06-B55E-40C8-BFA2-205A3DDB404E}.Debug|x86.Build.0 = Debug|x64
		{97835B06-B55E-40C8-BFA2-205A3DDB404E}.Release|x64.ActiveCfg = Release|x64
		{97835B06-B55E-40C8-BFA2-205A3DDB404E}.Release|x64.Build.0 = Release|x64
		{97835B06-B55E-40C8-BFA2-205A3DDB404E}.Release|x86.ActiveCfg = Release|x64
		{97835B06-B55E-40C8-BFA2-205A3DDB404E}.Release|x86.Build.0 = Release|x64
		{0E3431E6-C818-44AF-B7F1-DE54CE1B6A3B}.Debug|x64.ActiveCfg = Debug|x64
		{0E3431E6-C818-44AF-B7F1-DE54CE1B6A3B}.Debug|x64.Build.0 = Debug|x64
		{0E3431E6-C818-44AF-B7F1-DE54CE1B6A3B}.Debug|x86.ActiveCfg = Debug|x64
		{0E3431E6-C818-44AF-B7F1-DE54CE1B6A3B}.Debug|x86.Build.0 = Debug|x64
		{0E3431E6-C818-44AF-B7F1-DE54CE1B6A3B}.Release|x64.ActiveCfg = Release|x64
		{0E3431E6-C818-44AF-B7F1-DE54CE1B6A3B}.Release|x64.Build.0 = Release|x64
		{0E3431E6-C818-44AF-B7F1-DE54CE1B6A3B}.Release|x86.ActiveCfg = Release|x64
		{0E3431E6-C818-44AF-B7F1-DE54CE1B6A3B}.Release|x86.Build.0 = Release|x64
		{622C3A6B-CC21-4F23-87FB-06875AFB064E}.Debug|x64.ActiveCfg = Debug|x64
		{622C3A6B-CC21-4F23-87FB-06875AFB064E}.Debug|x64.Build.0 = Debug|x64
		{622C3A6B-CC21-4F23-87FB-06875AFB064E}.Debug|x86.ActiveCfg = Debug|Win32
		{622C3A6B-CC21-4F23-87FB-06875AFB064E}.Debug|x86.Build.0 = Debug|Win32
		{622C3A6B-CC21-4F23-87FB-06875AFB064E}.Release|x64.ActiveCfg = Release|x64
		{622C3A6B-CC21-4F23-87FB-06875AFB064E}.Release|x64.Build.0 = Release|x64
		{622C3A6B-CC21-4F23-87FB-06875AFB064E}.Release|x86.ActiveCfg = Release|Win32
		{622C3A6B-CC21-4F23-87FB-06875AFB064E}.Release|x86.Build.0 = Release|Win32
		{46712A7D-53E7-4C64-963A-0B900D24C1CE}.Debug|x64.ActiveCfg = Debug|x64
		{46712A7D-53E7-4C64-963A-0B900D24C1CE}.Debug|x64.Build.0 = Debug|x64
		{46712A7D-53E7-4C64-963A-0B900D24C1CE}.Debug|x86.ActiveCfg = Debug|x64
		{46712A7D-53E7-4C64-963A-0B900D24C1CE}.Debug|x86.Build.0 = Debug|x64
		{46712A7D-53E7-4C64-963A-0B900D24C1CE}.Release|x64.ActiveCfg = Release|x64
		{46712A7D-53E7-4C64-963A-0B900D24C1CE}.Release|x64.Build.0 = Release|x64
		{46712A7D-53E7-4C64-963A-0B900D24C1CE}.Release|x86.ActiveCfg = Release|x64
		{46712A7D-53E7-4C64-963A-0B900D24C1CE}.Release|x86.Build.0 = Release|x64
	EndGlobalSection
	GlobalSection(SolutionProperties) = preSolution
		HideSolutionNode = FALSE
	EndGlobalSection
	GlobalSection(ExtensibilityGlobals) = postSolution
		SolutionGuid = {833D3492-DD00-4163-9120-2D3124445AB0}
	EndGlobalSection
EndGlobal
