<?xml version="1.0" encoding="utf-8"?>
<Project ToolsVersion="4.0" xmlns="http://schemas.microsoft.com/developer/msbuild/2003">
  <ItemGroup>
    <Filter Include="KamataEngine">
      <UniqueIdentifier>{4FC737F1-C7A5-4376-A066-2A32D752A2FF}</UniqueIdentifier>
      <Extensions>cpp;c;cc;cxx;c++;cppm;ixx;def;odl;idl;hpj;bat;asm;asmx</Extensions>
    </Filter>
    <Filter Include="KamataEngine\Source">
      <UniqueIdentifier>{d966e9f8-e880-44ae-8586-a08515e4cffc}</UniqueIdentifier>
    </Filter>
    <Filter Include="KamataEngine\Include">
      <UniqueIdentifier>{4aae4e40-94f7-4d32-9a91-c0c37a2edf0d}</UniqueIdentifier>
    </Filter>
    <Filter Include="KamataEngine\Adapter">
      <UniqueIdentifier>{c6468eb4-788b-4a83-b207-a5f4804e56c5}</UniqueIdentifier>
    </Filter>
    <Filter Include="Application">
      <UniqueIdentifier>{741d5db2-f22a-4744-b71e-bb9d1580c2fa}</UniqueIdentifier>
    </Filter>
    <Filter Include="Application\GameManager">
      <UniqueIdentifier>{eee40a9b-710e-4611-ac8e-b34a396676ea}</UniqueIdentifier>
    </Filter>
    <Filter Include="Application\GameManager\Scene">
      <UniqueIdentifier>{d52626f5-eeab-413b-a1cf-bbd1666437b0}</UniqueIdentifier>
    </Filter>
    <Filter Include="Application\GameManager\Scene\Title">
      <UniqueIdentifier>{e531b30e-7bfb-4b9a-b374-aadca2b71f23}</UniqueIdentifier>
    </Filter>
    <Filter Include="Application\GameManager\Scene\Stage">
      <UniqueIdentifier>{46b7858b-b3ab-4809-9d1c-2c847b3307f9}</UniqueIdentifier>
    </Filter>
    <Filter Include="Application\GameManager\Scene\Clear">
      <UniqueIdentifier>{edaeac00-b100-4888-9832-a97691aaafbe}</UniqueIdentifier>
    </Filter>
    <Filter Include="Application\GameManager\Scene\Stage\Player">
      <UniqueIdentifier>{0089fb05-f60a-4661-a4a3-baf24ccc2401}</UniqueIdentifier>
    </Filter>
    <Filter Include="Application\GameManager\Scene\Stage\Bullet">
      <UniqueIdentifier>{1efb90c2-84f9-40be-891f-4c000de1613d}</UniqueIdentifier>
    </Filter>
    <Filter Include="Application\GameManager\Scene\Stage\Enemy">
      <UniqueIdentifier>{507a45fc-9d7c-4d32-94d7-3bfca4396af2}</UniqueIdentifier>
    </Filter>
  </ItemGroup>
  <ItemGroup>
    <ClCompile Include="C:\KamataEngine\DirectXGame\base\DirectXCommon.cpp">
      <Filter>KamataEngine\Source</Filter>
    </ClCompile>
    <ClCompile Include="C:\KamataEngine\DirectXGame\base\TextureManager.cpp">
      <Filter>KamataEngine\Source</Filter>
    </ClCompile>
    <ClCompile Include="C:\KamataEngine\DirectXGame\scene\GameScene.cpp">
      <Filter>KamataEngine\Source</Filter>
    </ClCompile>
    <ClCompile Include="C:\KamataEngine\DirectXGame\base\WinApp.cpp">
      <Filter>KamataEngine\Source</Filter>
    </ClCompile>
    <ClCompile Include="main.cpp" />
    <ClCompile Include="C:\KamataEngine\Adapter\Novice.cpp">
      <Filter>KamataEngine\Adapter</Filter>
    </ClCompile>
    <ClCompile Include="C:\KamataEngine\DirectXGame\2d\ImGuiManager.cpp">
      <Filter>KamataEngine</Filter>
    </ClCompile>
    <ClCompile Include="C:\KamataEngine\DirectXGame\base\StringUtility.cpp">
      <Filter>KamataEngine\Source</Filter>
    </ClCompile>
    <ClCompile Include="GameManager.cpp">
      <Filter>Application\GameManager</Filter>
    </ClCompile>
    <ClCompile Include="ClearScene.cpp">
      <Filter>Application\GameManager\Scene\Clear</Filter>
    </ClCompile>
    <ClCompile Include="StageScene.cpp">
      <Filter>Application\GameManager\Scene\Stage</Filter>
    </ClCompile>
    <ClCompile Include="TitleScene.cpp">
      <Filter>Application\GameManager\Scene\Title</Filter>
    </ClCompile>
    <ClCompile Include="Player.cpp">
      <Filter>Application\GameManager\Scene\Stage\Player</Filter>
    </ClCompile>
    <ClCompile Include="Enemy.cpp">
      <Filter>Application\GameManager\Scene\Stage\Enemy</Filter>
    </ClCompile>
    <ClCompile Include="Bullet.cpp">
      <Filter>Application\GameManager\Scene\Stage\Bullet</Filter>
    </ClCompile>
  </ItemGroup>
  <ItemGroup>
    <ClInclude Include="C:\KamataEngine\DirectXGame\audio\Audio.h">
      <Filter>KamataEngine\Include</Filter>
    </ClInclude>
    <ClInclude Include="C:\KamataEngine\DirectXGame\2d\DebugText.h">
      <Filter>KamataEngine\Include</Filter>
    </ClInclude>
    <ClInclude Include="C:\KamataEngine\DirectXGame\base\DirectXCommon.h">
      <Filter>KamataEngine\Include</Filter>
    </ClInclude>
    <ClInclude Include="C:\KamataEngine\DirectXGame\scene\GameScene.h">
      <Filter>KamataEngine\Include</Filter>
    </ClInclude>
    <ClInclude Include="C:\KamataEngine\DirectXGame\input\Input.h">
      <Filter>KamataEngine\Include</Filter>
    </ClInclude>
    <ClInclude Include="C:\KamataEngine\DirectXGame\3d\Model.h">
      <Filter>KamataEngine\Include</Filter>
    </ClInclude>
    <ClInclude Include="C:\KamataEngine\DirectXGame\base\SafeDelete.h">
      <Filter>KamataEngine\Include</Filter>
    </ClInclude>
    <ClInclude Include="C:\KamataEngine\DirectXGame\2d\Sprite.h">
      <Filter>KamataEngine\Include</Filter>
    </ClInclude>
    <ClInclude Include="C:\KamataEngine\DirectXGame\base\TextureManager.h">
      <Filter>KamataEngine\Include</Filter>
    </ClInclude>
    <ClInclude Include="C:\KamataEngine\DirectXGame\3d\ViewProjection.h">
      <Filter>KamataEngine\Include</Filter>
    </ClInclude>
    <ClInclude Include="C:\KamataEngine\DirectXGame\base\WinApp.h">
      <Filter>KamataEngine\Include</Filter>
    </ClInclude>
    <ClInclude Include="C:\KamataEngine\DirectXGame\3d\WorldTransform.h">
      <Filter>KamataEngine\Include</Filter>
    </ClInclude>
    <ClInclude Include="C:\KamataEngine\Adapter\Novice.h">
      <Filter>KamataEngine\Adapter</Filter>
    </ClInclude>
    <ClInclude Include="C:\KamataEngine\DirectXGame\3d\CircleShadow.h">
      <Filter>KamataEngine\Include</Filter>
    </ClInclude>
    <ClInclude Include="C:\KamataEngine\DirectXGame\3d\DebugCamera.h">
      <Filter>KamataEngine\Include</Filter>
    </ClInclude>
    <ClInclude Include="C:\KamataEngine\DirectXGame\3d\DirectionalLight.h">
      <Filter>KamataEngine\Include</Filter>
    </ClInclude>
    <ClInclude Include="C:\KamataEngine\DirectXGame\3d\LightGroup.h">
      <Filter>KamataEngine\Include</Filter>
    </ClInclude>
    <ClInclude Include="C:\KamataEngine\DirectXGame\3d\Material.h">
      <Filter>KamataEngine\Include</Filter>
    </ClInclude>
    <ClInclude Include="C:\KamataEngine\DirectXGame\3d\Mesh.h">
      <Filter>KamataEngine\Include</Filter>
    </ClInclude>
    <ClInclude Include="C:\KamataEngine\DirectXGame\3d\PointLight.h">
      <Filter>KamataEngine\Include</Filter>
    </ClInclude>
    <ClInclude Include="C:\KamataEngine\DirectXGame\3d\SpotLight.h">
      <Filter>KamataEngine\Include</Filter>
    </ClInclude>
    <ClInclude Include="C:\KamataEngine\DirectXGame\math\Matrix4x4.h" />
    <ClInclude Include="C:\KamataEngine\DirectXGame\math\Vector2.h" />
    <ClInclude Include="C:\KamataEngine\DirectXGame\math\Vector3.h" />
    <ClInclude Include="C:\KamataEngine\DirectXGame\math\Vector4.h" />
    <ClInclude Include="C:\KamataEngine\DirectXGame\2d\ImGuiManager.h" />
    <ClInclude Include="C:\KamataEngine\DirectXGame\base\StringUtility.h">
      <Filter>KamataEngine\Include</Filter>
    </ClInclude>
    <ClInclude Include="GameManager.h">
      <Filter>Application\GameManager</Filter>
    </ClInclude>
    <ClInclude Include="BaseScene.h">
      <Filter>Application\GameManager\Scene</Filter>
    </ClInclude>
    <ClInclude Include="ClearScene.h">
      <Filter>Application\GameManager\Scene\Clear</Filter>
    </ClInclude>
    <ClInclude Include="StageScene.h">
      <Filter>Application\GameManager\Scene\Stage</Filter>
    </ClInclude>
    <ClInclude Include="TitleScene.h">
      <Filter>Application\GameManager\Scene\Title</Filter>
    </ClInclude>
    <ClInclude Include="Player.h">
      <Filter>Application\GameManager\Scene\Stage\Player</Filter>
    </ClInclude>
    <ClInclude Include="Enemy.h">
      <Filter>Application\GameManager\Scene\Stage\Enemy</Filter>
    </ClInclude>
    <ClInclude Include="Bullet.h">
      <Filter>Application\GameManager\Scene\Stage\Bullet</Filter>
    </ClInclude>
    <ClInclude Include="Circle.h">
      <Filter>Application\GameManager\Scene</Filter>
    </ClInclude>
  </ItemGroup>
</Project>